// !$*UTF8*$!
{
	archiveVersion = 1;
	classes = {
	};
	objectVersion = 50;
	objects = {

/* Begin PBXBuildFile section */
		400561E52162F9A600CD0BF5 /* BeerService.swift in Sources */ = {isa = PBXBuildFile; fileRef = 400561E42162F9A600CD0BF5 /* BeerService.swift */; };
		400561E821630B7100CD0BF5 /* BeerCell.swift in Sources */ = {isa = PBXBuildFile; fileRef = 400561E721630B7100CD0BF5 /* BeerCell.swift */; };
		4033F84D2162C7CB00B7875B /* AppDelegate.swift in Sources */ = {isa = PBXBuildFile; fileRef = 4033F84B2162C7CB00B7875B /* AppDelegate.swift */; };
		4033F8632162C7EF00B7875B /* BaseWireframe.swift in Sources */ = {isa = PBXBuildFile; fileRef = 4033F8502162C7EF00B7875B /* BaseWireframe.swift */; };
		4033F8642162C7EF00B7875B /* UIStoryboardExtension.swift in Sources */ = {isa = PBXBuildFile; fileRef = 4033F8512162C7EF00B7875B /* UIStoryboardExtension.swift */; };
		4033F8652162C7EF00B7875B /* PresenterInterface.swift in Sources */ = {isa = PBXBuildFile; fileRef = 4033F8522162C7EF00B7875B /* PresenterInterface.swift */; };
		4033F8662162C7EF00B7875B /* ViewInterface.swift in Sources */ = {isa = PBXBuildFile; fileRef = 4033F8532162C7EF00B7875B /* ViewInterface.swift */; };
		4033F8672162C7EF00B7875B /* InteractorInterface.swift in Sources */ = {isa = PBXBuildFile; fileRef = 4033F8542162C7EF00B7875B /* InteractorInterface.swift */; };
		4033F86B2162C7EF00B7875B /* MainListWireframe.swift in Sources */ = {isa = PBXBuildFile; fileRef = 4033F85D2162C7EF00B7875B /* MainListWireframe.swift */; };
		4033F86C2162C7EF00B7875B /* MainListViewController.swift in Sources */ = {isa = PBXBuildFile; fileRef = 4033F85E2162C7EF00B7875B /* MainListViewController.swift */; };
		4033F86D2162C7EF00B7875B /* MainList.storyboard in Resources */ = {isa = PBXBuildFile; fileRef = 4033F85F2162C7EF00B7875B /* MainList.storyboard */; };
		4033F86E2162C7EF00B7875B /* MainListInteractor.swift in Sources */ = {isa = PBXBuildFile; fileRef = 4033F8602162C7EF00B7875B /* MainListInteractor.swift */; };
		4033F86F2162C7EF00B7875B /* MainListInterfaces.swift in Sources */ = {isa = PBXBuildFile; fileRef = 4033F8612162C7EF00B7875B /* MainListInterfaces.swift */; };
		4033F8702162C7EF00B7875B /* MainListPresenter.swift in Sources */ = {isa = PBXBuildFile; fileRef = 4033F8622162C7EF00B7875B /* MainListPresenter.swift */; };
		4033F87B2162CD4000B7875B /* Info.plist in Resources */ = {isa = PBXBuildFile; fileRef = 4033F8782162CD4000B7875B /* Info.plist */; };
		4033F8842162D2C400B7875B /* Splash.storyboard in Resources */ = {isa = PBXBuildFile; fileRef = 4033F8822162D2C400B7875B /* Splash.storyboard */; };
		4073CCF521ECE6AA00DBF7A4 /* BeerFilter.swift in Sources */ = {isa = PBXBuildFile; fileRef = 4073CCF421ECE6AA00DBF7A4 /* BeerFilter.swift */; };
		409C52BA2166D68700CF7C24 /* BeerDetailsInteractor.swift in Sources */ = {isa = PBXBuildFile; fileRef = 409C52B42166D68500CF7C24 /* BeerDetailsInteractor.swift */; };
		409C52BB2166D68700CF7C24 /* BeerDetailsPresenter.swift in Sources */ = {isa = PBXBuildFile; fileRef = 409C52B52166D68500CF7C24 /* BeerDetailsPresenter.swift */; };
		409C52BC2166D68700CF7C24 /* BeerDetailsWireframe.swift in Sources */ = {isa = PBXBuildFile; fileRef = 409C52B62166D68500CF7C24 /* BeerDetailsWireframe.swift */; };
		409C52BD2166D68700CF7C24 /* BeerDetailsInterfaces.swift in Sources */ = {isa = PBXBuildFile; fileRef = 409C52B72166D68600CF7C24 /* BeerDetailsInterfaces.swift */; };
		409C52BE2166D68700CF7C24 /* BeerDetailsViewController.swift in Sources */ = {isa = PBXBuildFile; fileRef = 409C52B82166D68600CF7C24 /* BeerDetailsViewController.swift */; };
		409C52BF2166D68700CF7C24 /* BeerDetails.storyboard in Resources */ = {isa = PBXBuildFile; fileRef = 409C52B92166D68600CF7C24 /* BeerDetails.storyboard */; };
		409C52C32166FFEA00CF7C24 /* ThemeInitializer.swift in Sources */ = {isa = PBXBuildFile; fileRef = 409C52C22166FFEA00CF7C24 /* ThemeInitializer.swift */; };
		409C52C52167001C00CF7C24 /* Initializable.swift in Sources */ = {isa = PBXBuildFile; fileRef = 409C52C42167001C00CF7C24 /* Initializable.swift */; };
		409C52C8216700B800CF7C24 /* BeerCatalogNavigationController.swift in Sources */ = {isa = PBXBuildFile; fileRef = 409C52C7216700B800CF7C24 /* BeerCatalogNavigationController.swift */; };
		409C52CA2167015E00CF7C24 /* Constants.swift in Sources */ = {isa = PBXBuildFile; fileRef = 409C52C92167015E00CF7C24 /* Constants.swift */; };
		40B0C5E42161AA1300177F6B /* Assets.xcassets in Resources */ = {isa = PBXBuildFile; fileRef = 40B0C5E32161AA1300177F6B /* Assets.xcassets */; };
		40D8FBC22164362800ED57AE /* Beer.swift in Sources */ = {isa = PBXBuildFile; fileRef = 40D8FBC12164362800ED57AE /* Beer.swift */; };
		40D8FBC6216445B900ED57AE /* Volume.swift in Sources */ = {isa = PBXBuildFile; fileRef = 40D8FBC5216445B900ED57AE /* Volume.swift */; };
		40D8FBC8216445EC00ED57AE /* BoilVolume.swift in Sources */ = {isa = PBXBuildFile; fileRef = 40D8FBC7216445EC00ED57AE /* BoilVolume.swift */; };
		40D8FBCA2164460A00ED57AE /* Method.swift in Sources */ = {isa = PBXBuildFile; fileRef = 40D8FBC92164460A00ED57AE /* Method.swift */; };
		40D8FBCC2164462600ED57AE /* MashTemp.swift in Sources */ = {isa = PBXBuildFile; fileRef = 40D8FBCB2164462600ED57AE /* MashTemp.swift */; };
		40D8FBCE2164464500ED57AE /* Temperature.swift in Sources */ = {isa = PBXBuildFile; fileRef = 40D8FBCD2164464500ED57AE /* Temperature.swift */; };
		40D8FBD02164465B00ED57AE /* Fermentation.swift in Sources */ = {isa = PBXBuildFile; fileRef = 40D8FBCF2164465B00ED57AE /* Fermentation.swift */; };
		40D8FBD22164467B00ED57AE /* Ingredients.swift in Sources */ = {isa = PBXBuildFile; fileRef = 40D8FBD12164467B00ED57AE /* Ingredients.swift */; };
		40D8FBD42164469400ED57AE /* Malt.swift in Sources */ = {isa = PBXBuildFile; fileRef = 40D8FBD32164469400ED57AE /* Malt.swift */; };
		40D8FBD6216446AC00ED57AE /* Hops.swift in Sources */ = {isa = PBXBuildFile; fileRef = 40D8FBD5216446AC00ED57AE /* Hops.swift */; };
		6EBC21B8B37026E415E6B3CF /* Pods_BeerCatalog.framework in Frameworks */ = {isa = PBXBuildFile; fileRef = F6B2FF333D168776C88FE568 /* Pods_BeerCatalog.framework */; };
/* End PBXBuildFile section */

/* Begin PBXFileReference section */
		0B006CB219856613ED73A14C /* Pods-BeerCatalog.release.xcconfig */ = {isa = PBXFileReference; includeInIndex = 1; lastKnownFileType = text.xcconfig; name = "Pods-BeerCatalog.release.xcconfig"; path = "Pods/Target Support Files/Pods-BeerCatalog/Pods-BeerCatalog.release.xcconfig"; sourceTree = "<group>"; };
		400561E42162F9A600CD0BF5 /* BeerService.swift */ = {isa = PBXFileReference; lastKnownFileType = sourcecode.swift; path = BeerService.swift; sourceTree = "<group>"; };
		400561E721630B7100CD0BF5 /* BeerCell.swift */ = {isa = PBXFileReference; lastKnownFileType = sourcecode.swift; path = BeerCell.swift; sourceTree = "<group>"; };
		4033F84B2162C7CB00B7875B /* AppDelegate.swift */ = {isa = PBXFileReference; fileEncoding = 4; lastKnownFileType = sourcecode.swift; path = AppDelegate.swift; sourceTree = "<group>"; };
		4033F8502162C7EF00B7875B /* BaseWireframe.swift */ = {isa = PBXFileReference; fileEncoding = 4; lastKnownFileType = sourcecode.swift; path = BaseWireframe.swift; sourceTree = "<group>"; };
		4033F8512162C7EF00B7875B /* UIStoryboardExtension.swift */ = {isa = PBXFileReference; fileEncoding = 4; lastKnownFileType = sourcecode.swift; path = UIStoryboardExtension.swift; sourceTree = "<group>"; };
		4033F8522162C7EF00B7875B /* PresenterInterface.swift */ = {isa = PBXFileReference; fileEncoding = 4; lastKnownFileType = sourcecode.swift; path = PresenterInterface.swift; sourceTree = "<group>"; };
		4033F8532162C7EF00B7875B /* ViewInterface.swift */ = {isa = PBXFileReference; fileEncoding = 4; lastKnownFileType = sourcecode.swift; path = ViewInterface.swift; sourceTree = "<group>"; };
		4033F8542162C7EF00B7875B /* InteractorInterface.swift */ = {isa = PBXFileReference; fileEncoding = 4; lastKnownFileType = sourcecode.swift; path = InteractorInterface.swift; sourceTree = "<group>"; };
		4033F85D2162C7EF00B7875B /* MainListWireframe.swift */ = {isa = PBXFileReference; fileEncoding = 4; lastKnownFileType = sourcecode.swift; path = MainListWireframe.swift; sourceTree = "<group>"; };
		4033F85E2162C7EF00B7875B /* MainListViewController.swift */ = {isa = PBXFileReference; fileEncoding = 4; lastKnownFileType = sourcecode.swift; path = MainListViewController.swift; sourceTree = "<group>"; };
		4033F85F2162C7EF00B7875B /* MainList.storyboard */ = {isa = PBXFileReference; fileEncoding = 4; lastKnownFileType = file.storyboard; path = MainList.storyboard; sourceTree = "<group>"; };
		4033F8602162C7EF00B7875B /* MainListInteractor.swift */ = {isa = PBXFileReference; fileEncoding = 4; lastKnownFileType = sourcecode.swift; path = MainListInteractor.swift; sourceTree = "<group>"; };
		4033F8612162C7EF00B7875B /* MainListInterfaces.swift */ = {isa = PBXFileReference; fileEncoding = 4; lastKnownFileType = sourcecode.swift; path = MainListInterfaces.swift; sourceTree = "<group>"; };
		4033F8622162C7EF00B7875B /* MainListPresenter.swift */ = {isa = PBXFileReference; fileEncoding = 4; lastKnownFileType = sourcecode.swift; path = MainListPresenter.swift; sourceTree = "<group>"; };
		4033F8782162CD4000B7875B /* Info.plist */ = {isa = PBXFileReference; fileEncoding = 4; lastKnownFileType = text.plist.xml; path = Info.plist; sourceTree = "<group>"; };
		4033F8832162D2C400B7875B /* Base */ = {isa = PBXFileReference; lastKnownFileType = file.storyboard; name = Base; path = Splash.storyboard; sourceTree = "<group>"; };
		4073CCF421ECE6AA00DBF7A4 /* BeerFilter.swift */ = {isa = PBXFileReference; lastKnownFileType = sourcecode.swift; path = BeerFilter.swift; sourceTree = "<group>"; };
		409C52B42166D68500CF7C24 /* BeerDetailsInteractor.swift */ = {isa = PBXFileReference; fileEncoding = 4; lastKnownFileType = sourcecode.swift; path = BeerDetailsInteractor.swift; sourceTree = "<group>"; };
		409C52B52166D68500CF7C24 /* BeerDetailsPresenter.swift */ = {isa = PBXFileReference; fileEncoding = 4; lastKnownFileType = sourcecode.swift; path = BeerDetailsPresenter.swift; sourceTree = "<group>"; };
		409C52B62166D68500CF7C24 /* BeerDetailsWireframe.swift */ = {isa = PBXFileReference; fileEncoding = 4; lastKnownFileType = sourcecode.swift; path = BeerDetailsWireframe.swift; sourceTree = "<group>"; };
		409C52B72166D68600CF7C24 /* BeerDetailsInterfaces.swift */ = {isa = PBXFileReference; fileEncoding = 4; lastKnownFileType = sourcecode.swift; path = BeerDetailsInterfaces.swift; sourceTree = "<group>"; };
		409C52B82166D68600CF7C24 /* BeerDetailsViewController.swift */ = {isa = PBXFileReference; fileEncoding = 4; lastKnownFileType = sourcecode.swift; path = BeerDetailsViewController.swift; sourceTree = "<group>"; };
		409C52B92166D68600CF7C24 /* BeerDetails.storyboard */ = {isa = PBXFileReference; fileEncoding = 4; lastKnownFileType = file.storyboard; path = BeerDetails.storyboard; sourceTree = "<group>"; };
		409C52C22166FFEA00CF7C24 /* ThemeInitializer.swift */ = {isa = PBXFileReference; lastKnownFileType = sourcecode.swift; path = ThemeInitializer.swift; sourceTree = "<group>"; };
		409C52C42167001C00CF7C24 /* Initializable.swift */ = {isa = PBXFileReference; lastKnownFileType = sourcecode.swift; path = Initializable.swift; sourceTree = "<group>"; };
		409C52C7216700B800CF7C24 /* BeerCatalogNavigationController.swift */ = {isa = PBXFileReference; lastKnownFileType = sourcecode.swift; path = BeerCatalogNavigationController.swift; sourceTree = "<group>"; };
		409C52C92167015E00CF7C24 /* Constants.swift */ = {isa = PBXFileReference; lastKnownFileType = sourcecode.swift; path = Constants.swift; sourceTree = "<group>"; };
		40B0C5D92161AA1000177F6B /* BeerCatalog.app */ = {isa = PBXFileReference; explicitFileType = wrapper.application; includeInIndex = 0; path = BeerCatalog.app; sourceTree = BUILT_PRODUCTS_DIR; };
		40B0C5E32161AA1300177F6B /* Assets.xcassets */ = {isa = PBXFileReference; lastKnownFileType = folder.assetcatalog; path = Assets.xcassets; sourceTree = "<group>"; };
		40D8FBC12164362800ED57AE /* Beer.swift */ = {isa = PBXFileReference; lastKnownFileType = sourcecode.swift; path = Beer.swift; sourceTree = "<group>"; };
		40D8FBC5216445B900ED57AE /* Volume.swift */ = {isa = PBXFileReference; lastKnownFileType = sourcecode.swift; path = Volume.swift; sourceTree = "<group>"; };
		40D8FBC7216445EC00ED57AE /* BoilVolume.swift */ = {isa = PBXFileReference; lastKnownFileType = sourcecode.swift; path = BoilVolume.swift; sourceTree = "<group>"; };
		40D8FBC92164460A00ED57AE /* Method.swift */ = {isa = PBXFileReference; lastKnownFileType = sourcecode.swift; path = Method.swift; sourceTree = "<group>"; };
		40D8FBCB2164462600ED57AE /* MashTemp.swift */ = {isa = PBXFileReference; lastKnownFileType = sourcecode.swift; path = MashTemp.swift; sourceTree = "<group>"; };
		40D8FBCD2164464500ED57AE /* Temperature.swift */ = {isa = PBXFileReference; lastKnownFileType = sourcecode.swift; path = Temperature.swift; sourceTree = "<group>"; };
		40D8FBCF2164465B00ED57AE /* Fermentation.swift */ = {isa = PBXFileReference; lastKnownFileType = sourcecode.swift; path = Fermentation.swift; sourceTree = "<group>"; };
		40D8FBD12164467B00ED57AE /* Ingredients.swift */ = {isa = PBXFileReference; lastKnownFileType = sourcecode.swift; path = Ingredients.swift; sourceTree = "<group>"; };
		40D8FBD32164469400ED57AE /* Malt.swift */ = {isa = PBXFileReference; lastKnownFileType = sourcecode.swift; path = Malt.swift; sourceTree = "<group>"; };
		40D8FBD5216446AC00ED57AE /* Hops.swift */ = {isa = PBXFileReference; lastKnownFileType = sourcecode.swift; path = Hops.swift; sourceTree = "<group>"; };
		F2B968A8B56E5028FBEE462B /* Pods-BeerCatalog.debug.xcconfig */ = {isa = PBXFileReference; includeInIndex = 1; lastKnownFileType = text.xcconfig; name = "Pods-BeerCatalog.debug.xcconfig"; path = "Pods/Target Support Files/Pods-BeerCatalog/Pods-BeerCatalog.debug.xcconfig"; sourceTree = "<group>"; };
		F6B2FF333D168776C88FE568 /* Pods_BeerCatalog.framework */ = {isa = PBXFileReference; explicitFileType = wrapper.framework; includeInIndex = 0; path = Pods_BeerCatalog.framework; sourceTree = BUILT_PRODUCTS_DIR; };
/* End PBXFileReference section */

/* Begin PBXFrameworksBuildPhase section */
		40B0C5D62161AA1000177F6B /* Frameworks */ = {
			isa = PBXFrameworksBuildPhase;
			buildActionMask = 2147483647;
			files = (
				6EBC21B8B37026E415E6B3CF /* Pods_BeerCatalog.framework in Frameworks */,
			);
			runOnlyForDeploymentPostprocessing = 0;
		};
/* End PBXFrameworksBuildPhase section */

/* Begin PBXGroup section */
		400561E32162F96900CD0BF5 /* Services */ = {
			isa = PBXGroup;
			children = (
				400561E42162F9A600CD0BF5 /* BeerService.swift */,
			);
			path = Services;
			sourceTree = "<group>";
		};
		400561E621630B4F00CD0BF5 /* Cells */ = {
			isa = PBXGroup;
			children = (
				400561E721630B7100CD0BF5 /* BeerCell.swift */,
			);
			path = Cells;
			sourceTree = "<group>";
		};
		4033F84A2162C7CB00B7875B /* Application */ = {
			isa = PBXGroup;
			children = (
				4033F84B2162C7CB00B7875B /* AppDelegate.swift */,
				409C52C7216700B800CF7C24 /* BeerCatalogNavigationController.swift */,
				4033F84C2162C7CB00B7875B /* Initializers */,
				409C52C92167015E00CF7C24 /* Constants.swift */,
			);
			path = Application;
			sourceTree = "<group>";
		};
		4033F84C2162C7CB00B7875B /* Initializers */ = {
			isa = PBXGroup;
			children = (
				409C52C22166FFEA00CF7C24 /* ThemeInitializer.swift */,
				409C52C42167001C00CF7C24 /* Initializable.swift */,
			);
			path = Initializers;
			sourceTree = "<group>";
		};
		4033F84E2162C7EF00B7875B /* Common */ = {
			isa = PBXGroup;
			children = (
				40D8FBC02164360400ED57AE /* Models */,
				400561E32162F96900CD0BF5 /* Services */,
				4033F84F2162C7EF00B7875B /* VIPER */,
			);
			path = Common;
			sourceTree = "<group>";
		};
		4033F84F2162C7EF00B7875B /* VIPER */ = {
			isa = PBXGroup;
			children = (
				4033F8502162C7EF00B7875B /* BaseWireframe.swift */,
				4033F8512162C7EF00B7875B /* UIStoryboardExtension.swift */,
				4033F8522162C7EF00B7875B /* PresenterInterface.swift */,
				4033F8532162C7EF00B7875B /* ViewInterface.swift */,
				4033F8542162C7EF00B7875B /* InteractorInterface.swift */,
			);
			path = VIPER;
			sourceTree = "<group>";
		};
		4033F85B2162C7EF00B7875B /* Modules */ = {
			isa = PBXGroup;
			children = (
				409C52B32166D63500CF7C24 /* BeerDetails */,
				4033F85C2162C7EF00B7875B /* MainList */,
			);
			path = Modules;
			sourceTree = "<group>";
		};
		4033F85C2162C7EF00B7875B /* MainList */ = {
			isa = PBXGroup;
			children = (
				400561E621630B4F00CD0BF5 /* Cells */,
				4033F85D2162C7EF00B7875B /* MainListWireframe.swift */,
				4033F85E2162C7EF00B7875B /* MainListViewController.swift */,
				4033F85F2162C7EF00B7875B /* MainList.storyboard */,
				4033F8602162C7EF00B7875B /* MainListInteractor.swift */,
				4033F8612162C7EF00B7875B /* MainListInterfaces.swift */,
				4033F8622162C7EF00B7875B /* MainListPresenter.swift */,
			);
			path = MainList;
			sourceTree = "<group>";
		};
		4033F8732162CD4000B7875B /* SupportingFiles */ = {
			isa = PBXGroup;
			children = (
				4033F8782162CD4000B7875B /* Info.plist */,
				4033F8812162D2C400B7875B /* Base.lproj */,
			);
			path = SupportingFiles;
			sourceTree = "<group>";
		};
		4033F8812162D2C400B7875B /* Base.lproj */ = {
			isa = PBXGroup;
			children = (
				4033F8822162D2C400B7875B /* Splash.storyboard */,
			);
			path = Base.lproj;
			sourceTree = "<group>";
		};
		409C52B32166D63500CF7C24 /* BeerDetails */ = {
			isa = PBXGroup;
			children = (
				409C52B92166D68600CF7C24 /* BeerDetails.storyboard */,
				409C52B72166D68600CF7C24 /* BeerDetailsInterfaces.swift */,
				409C52B52166D68500CF7C24 /* BeerDetailsPresenter.swift */,
				409C52B82166D68600CF7C24 /* BeerDetailsViewController.swift */,
				409C52B42166D68500CF7C24 /* BeerDetailsInteractor.swift */,
				409C52B62166D68500CF7C24 /* BeerDetailsWireframe.swift */,
			);
			path = BeerDetails;
			sourceTree = "<group>";
		};
		40B0C5D02161AA1000177F6B = {
			isa = PBXGroup;
			children = (
				40B0C5DB2161AA1000177F6B /* BeerCatalog */,
				40B0C5DA2161AA1000177F6B /* Products */,
				55D0A75721D5C0908F965B8C /* Pods */,
				CBC6DFBFDD5891D32D60CD67 /* Frameworks */,
			);
			sourceTree = "<group>";
		};
		40B0C5DA2161AA1000177F6B /* Products */ = {
			isa = PBXGroup;
			children = (
				40B0C5D92161AA1000177F6B /* BeerCatalog.app */,
			);
			name = Products;
			sourceTree = "<group>";
		};
		40B0C5DB2161AA1000177F6B /* BeerCatalog */ = {
			isa = PBXGroup;
			children = (
				4033F84A2162C7CB00B7875B /* Application */,
				4033F8732162CD4000B7875B /* SupportingFiles */,
				4033F84E2162C7EF00B7875B /* Common */,
				4033F85B2162C7EF00B7875B /* Modules */,
				40B0C5E32161AA1300177F6B /* Assets.xcassets */,
			);
			path = BeerCatalog;
			sourceTree = "<group>";
		};
		40D8FBC02164360400ED57AE /* Models */ = {
			isa = PBXGroup;
			children = (
				40D8FBC12164362800ED57AE /* Beer.swift */,
				40D8FBC5216445B900ED57AE /* Volume.swift */,
				40D8FBC7216445EC00ED57AE /* BoilVolume.swift */,
				40D8FBC92164460A00ED57AE /* Method.swift */,
				40D8FBCB2164462600ED57AE /* MashTemp.swift */,
				40D8FBCD2164464500ED57AE /* Temperature.swift */,
				40D8FBCF2164465B00ED57AE /* Fermentation.swift */,
				40D8FBD12164467B00ED57AE /* Ingredients.swift */,
				40D8FBD32164469400ED57AE /* Malt.swift */,
				40D8FBD5216446AC00ED57AE /* Hops.swift */,
				4073CCF421ECE6AA00DBF7A4 /* BeerFilter.swift */,
			);
			path = Models;
			sourceTree = "<group>";
		};
		55D0A75721D5C0908F965B8C /* Pods */ = {
			isa = PBXGroup;
			children = (
				F2B968A8B56E5028FBEE462B /* Pods-BeerCatalog.debug.xcconfig */,
				0B006CB219856613ED73A14C /* Pods-BeerCatalog.release.xcconfig */,
			);
			name = Pods;
			sourceTree = "<group>";
		};
		CBC6DFBFDD5891D32D60CD67 /* Frameworks */ = {
			isa = PBXGroup;
			children = (
				F6B2FF333D168776C88FE568 /* Pods_BeerCatalog.framework */,
			);
			name = Frameworks;
			sourceTree = "<group>";
		};
/* End PBXGroup section */

/* Begin PBXNativeTarget section */
		40B0C5D82161AA1000177F6B /* BeerCatalog */ = {
			isa = PBXNativeTarget;
			buildConfigurationList = 40B0C6012161AA1400177F6B /* Build configuration list for PBXNativeTarget "BeerCatalog" */;
			buildPhases = (
				5FCB8E744722381274EBAEB2 /* [CP] Check Pods Manifest.lock */,
				40B0C5D52161AA1000177F6B /* Sources */,
				40B0C5D62161AA1000177F6B /* Frameworks */,
				40B0C5D72161AA1000177F6B /* Resources */,
				E21CEAB0C8BF14C108148C52 /* [CP] Embed Pods Frameworks */,
			);
			buildRules = (
			);
			dependencies = (
			);
			name = BeerCatalog;
			productName = BeerCatalog;
			productReference = 40B0C5D92161AA1000177F6B /* BeerCatalog.app */;
			productType = "com.apple.product-type.application";
		};
/* End PBXNativeTarget section */

/* Begin PBXProject section */
		40B0C5D12161AA1000177F6B /* Project object */ = {
			isa = PBXProject;
			attributes = {
				LastSwiftUpdateCheck = 1000;
				LastUpgradeCheck = 1000;
				ORGANIZATIONNAME = "Danilo Ramos";
				TargetAttributes = {
					40B0C5D82161AA1000177F6B = {
						CreatedOnToolsVersion = 10.0;
					};
				};
			};
			buildConfigurationList = 40B0C5D42161AA1000177F6B /* Build configuration list for PBXProject "BeerCatalog" */;
			compatibilityVersion = "Xcode 9.3";
			developmentRegion = en;
			hasScannedForEncodings = 0;
			knownRegions = (
				en,
				Base,
			);
			mainGroup = 40B0C5D02161AA1000177F6B;
			productRefGroup = 40B0C5DA2161AA1000177F6B /* Products */;
			projectDirPath = "";
			projectRoot = "";
			targets = (
				40B0C5D82161AA1000177F6B /* BeerCatalog */,
			);
		};
/* End PBXProject section */

/* Begin PBXResourcesBuildPhase section */
		40B0C5D72161AA1000177F6B /* Resources */ = {
			isa = PBXResourcesBuildPhase;
			buildActionMask = 2147483647;
			files = (
				4033F87B2162CD4000B7875B /* Info.plist in Resources */,
				4033F8842162D2C400B7875B /* Splash.storyboard in Resources */,
				40B0C5E42161AA1300177F6B /* Assets.xcassets in Resources */,
				4033F86D2162C7EF00B7875B /* MainList.storyboard in Resources */,
				409C52BF2166D68700CF7C24 /* BeerDetails.storyboard in Resources */,
			);
			runOnlyForDeploymentPostprocessing = 0;
		};
/* End PBXResourcesBuildPhase section */

/* Begin PBXShellScriptBuildPhase section */
		5FCB8E744722381274EBAEB2 /* [CP] Check Pods Manifest.lock */ = {
			isa = PBXShellScriptBuildPhase;
			buildActionMask = 2147483647;
			files = (
			);
			inputFileListPaths = (
			);
			inputPaths = (
				"${PODS_PODFILE_DIR_PATH}/Podfile.lock",
				"${PODS_ROOT}/Manifest.lock",
			);
			name = "[CP] Check Pods Manifest.lock";
			outputFileListPaths = (
			);
			outputPaths = (
				"$(DERIVED_FILE_DIR)/Pods-BeerCatalog-checkManifestLockResult.txt",
			);
			runOnlyForDeploymentPostprocessing = 0;
			shellPath = /bin/sh;
			shellScript = "diff \"${PODS_PODFILE_DIR_PATH}/Podfile.lock\" \"${PODS_ROOT}/Manifest.lock\" > /dev/null\nif [ $? != 0 ] ; then\n    # print error to STDERR\n    echo \"error: The sandbox is not in sync with the Podfile.lock. Run 'pod install' or update your CocoaPods installation.\" >&2\n    exit 1\nfi\n# This output is used by Xcode 'outputs' to avoid re-running this script phase.\necho \"SUCCESS\" > \"${SCRIPT_OUTPUT_FILE_0}\"\n";
			showEnvVarsInLog = 0;
		};
		E21CEAB0C8BF14C108148C52 /* [CP] Embed Pods Frameworks */ = {
			isa = PBXShellScriptBuildPhase;
			buildActionMask = 2147483647;
			files = (
			);
			inputFileListPaths = (
			);
			inputPaths = (
				"${SRCROOT}/Pods/Target Support Files/Pods-BeerCatalog/Pods-BeerCatalog-frameworks.sh",
				"${BUILT_PRODUCTS_DIR}/Alamofire/Alamofire.framework",
				"${BUILT_PRODUCTS_DIR}/AlamofireImage/AlamofireImage.framework",
				"${BUILT_PRODUCTS_DIR}/AlamofireNetworkActivityIndicator/AlamofireNetworkActivityIndicator.framework",
				"${BUILT_PRODUCTS_DIR}/IQKeyboardManagerSwift/IQKeyboardManagerSwift.framework",
				"${BUILT_PRODUCTS_DIR}/ObjectMapper/ObjectMapper.framework",
				"${BUILT_PRODUCTS_DIR}/SVProgressHUD/SVProgressHUD.framework",
				"${BUILT_PRODUCTS_DIR}/UIScrollView-InfiniteScroll/UIScrollView_InfiniteScroll.framework",
			);
			name = "[CP] Embed Pods Frameworks";
			outputFileListPaths = (
			);
			outputPaths = (
				"${TARGET_BUILD_DIR}/${FRAMEWORKS_FOLDER_PATH}/Alamofire.framework",
				"${TARGET_BUILD_DIR}/${FRAMEWORKS_FOLDER_PATH}/AlamofireImage.framework",
				"${TARGET_BUILD_DIR}/${FRAMEWORKS_FOLDER_PATH}/AlamofireNetworkActivityIndicator.framework",
				"${TARGET_BUILD_DIR}/${FRAMEWORKS_FOLDER_PATH}/IQKeyboardManagerSwift.framework",
				"${TARGET_BUILD_DIR}/${FRAMEWORKS_FOLDER_PATH}/ObjectMapper.framework",
				"${TARGET_BUILD_DIR}/${FRAMEWORKS_FOLDER_PATH}/SVProgressHUD.framework",
				"${TARGET_BUILD_DIR}/${FRAMEWORKS_FOLDER_PATH}/UIScrollView_InfiniteScroll.framework",
			);
			runOnlyForDeploymentPostprocessing = 0;
			shellPath = /bin/sh;
			shellScript = "\"${SRCROOT}/Pods/Target Support Files/Pods-BeerCatalog/Pods-BeerCatalog-frameworks.sh\"\n";
			showEnvVarsInLog = 0;
		};
/* End PBXShellScriptBuildPhase section */

/* Begin PBXSourcesBuildPhase section */
		40B0C5D52161AA1000177F6B /* Sources */ = {
			isa = PBXSourcesBuildPhase;
			buildActionMask = 2147483647;
			files = (
				4033F86C2162C7EF00B7875B /* MainListViewController.swift in Sources */,
				409C52C52167001C00CF7C24 /* Initializable.swift in Sources */,
				4073CCF521ECE6AA00DBF7A4 /* BeerFilter.swift in Sources */,
				409C52BC2166D68700CF7C24 /* BeerDetailsWireframe.swift in Sources */,
				4033F8632162C7EF00B7875B /* BaseWireframe.swift in Sources */,
				4033F84D2162C7CB00B7875B /* AppDelegate.swift in Sources */,
				40D8FBD42164469400ED57AE /* Malt.swift in Sources */,
				4033F8672162C7EF00B7875B /* InteractorInterface.swift in Sources */,
				409C52CA2167015E00CF7C24 /* Constants.swift in Sources */,
				400561E52162F9A600CD0BF5 /* BeerService.swift in Sources */,
				40D8FBD02164465B00ED57AE /* Fermentation.swift in Sources */,
				4033F8642162C7EF00B7875B /* UIStoryboardExtension.swift in Sources */,
				4033F86E2162C7EF00B7875B /* MainListInteractor.swift in Sources */,
				40D8FBD22164467B00ED57AE /* Ingredients.swift in Sources */,
				409C52BB2166D68700CF7C24 /* BeerDetailsPresenter.swift in Sources */,
				40D8FBC22164362800ED57AE /* Beer.swift in Sources */,
				40D8FBCA2164460A00ED57AE /* Method.swift in Sources */,
				409C52C8216700B800CF7C24 /* BeerCatalogNavigationController.swift in Sources */,
				409C52BD2166D68700CF7C24 /* BeerDetailsInterfaces.swift in Sources */,
				409C52C32166FFEA00CF7C24 /* ThemeInitializer.swift in Sources */,
				40D8FBC8216445EC00ED57AE /* BoilVolume.swift in Sources */,
				409C52BA2166D68700CF7C24 /* BeerDetailsInteractor.swift in Sources */,
				4033F8702162C7EF00B7875B /* MainListPresenter.swift in Sources */,
				40D8FBD6216446AC00ED57AE /* Hops.swift in Sources */,
				400561E821630B7100CD0BF5 /* BeerCell.swift in Sources */,
				4033F86B2162C7EF00B7875B /* MainListWireframe.swift in Sources */,
				409C52BE2166D68700CF7C24 /* BeerDetailsViewController.swift in Sources */,
				4033F86F2162C7EF00B7875B /* MainListInterfaces.swift in Sources */,
				4033F8662162C7EF00B7875B /* ViewInterface.swift in Sources */,
				40D8FBCC2164462600ED57AE /* MashTemp.swift in Sources */,
				4033F8652162C7EF00B7875B /* PresenterInterface.swift in Sources */,
				40D8FBCE2164464500ED57AE /* Temperature.swift in Sources */,
				40D8FBC6216445B900ED57AE /* Volume.swift in Sources */,
			);
			runOnlyForDeploymentPostprocessing = 0;
		};
/* End PBXSourcesBuildPhase section */

/* Begin PBXVariantGroup section */
		4033F8822162D2C400B7875B /* Splash.storyboard */ = {
			isa = PBXVariantGroup;
			children = (
				4033F8832162D2C400B7875B /* Base */,
			);
			name = Splash.storyboard;
			sourceTree = "<group>";
		};
/* End PBXVariantGroup section */

/* Begin XCBuildConfiguration section */
		40B0C5FF2161AA1400177F6B /* Debug */ = {
			isa = XCBuildConfiguration;
			buildSettings = {
				ALWAYS_SEARCH_USER_PATHS = NO;
				CLANG_ANALYZER_NONNULL = YES;
				CLANG_ANALYZER_NUMBER_OBJECT_CONVERSION = YES_AGGRESSIVE;
				CLANG_CXX_LANGUAGE_STANDARD = "gnu++14";
				CLANG_CXX_LIBRARY = "libc++";
				CLANG_ENABLE_MODULES = YES;
				CLANG_ENABLE_OBJC_ARC = YES;
				CLANG_ENABLE_OBJC_WEAK = YES;
				CLANG_WARN_BLOCK_CAPTURE_AUTORELEASING = YES;
				CLANG_WARN_BOOL_CONVERSION = YES;
				CLANG_WARN_COMMA = YES;
				CLANG_WARN_CONSTANT_CONVERSION = YES;
				CLANG_WARN_DEPRECATED_OBJC_IMPLEMENTATIONS = YES;
				CLANG_WARN_DIRECT_OBJC_ISA_USAGE = YES_ERROR;
				CLANG_WARN_DOCUMENTATION_COMMENTS = YES;
				CLANG_WARN_EMPTY_BODY = YES;
				CLANG_WARN_ENUM_CONVERSION = YES;
				CLANG_WARN_INFINITE_RECURSION = YES;
				CLANG_WARN_INT_CONVERSION = YES;
				CLANG_WARN_NON_LITERAL_NULL_CONVERSION = YES;
				CLANG_WARN_OBJC_IMPLICIT_RETAIN_SELF = YES;
				CLANG_WARN_OBJC_LITERAL_CONVERSION = YES;
				CLANG_WARN_OBJC_ROOT_CLASS = YES_ERROR;
				CLANG_WARN_RANGE_LOOP_ANALYSIS = YES;
				CLANG_WARN_STRICT_PROTOTYPES = YES;
				CLANG_WARN_SUSPICIOUS_MOVE = YES;
				CLANG_WARN_UNGUARDED_AVAILABILITY = YES_AGGRESSIVE;
				CLANG_WARN_UNREACHABLE_CODE = YES;
				CLANG_WARN__DUPLICATE_METHOD_MATCH = YES;
				CODE_SIGN_IDENTITY = "iPhone Developer";
				COPY_PHASE_STRIP = NO;
				DEBUG_INFORMATION_FORMAT = dwarf;
				ENABLE_STRICT_OBJC_MSGSEND = YES;
				ENABLE_TESTABILITY = YES;
				GCC_C_LANGUAGE_STANDARD = gnu11;
				GCC_DYNAMIC_NO_PIC = NO;
				GCC_NO_COMMON_BLOCKS = YES;
				GCC_OPTIMIZATION_LEVEL = 0;
				GCC_PREPROCESSOR_DEFINITIONS = (
					"DEBUG=1",
					"$(inherited)",
				);
				GCC_WARN_64_TO_32_BIT_CONVERSION = YES;
				GCC_WARN_ABOUT_RETURN_TYPE = YES_ERROR;
				GCC_WARN_UNDECLARED_SELECTOR = YES;
				GCC_WARN_UNINITIALIZED_AUTOS = YES_AGGRESSIVE;
				GCC_WARN_UNUSED_FUNCTION = YES;
				GCC_WARN_UNUSED_VARIABLE = YES;
				IPHONEOS_DEPLOYMENT_TARGET = 10.0;
				MTL_ENABLE_DEBUG_INFO = INCLUDE_SOURCE;
				MTL_FAST_MATH = YES;
				ONLY_ACTIVE_ARCH = YES;
				SDKROOT = iphoneos;
				SWIFT_ACTIVE_COMPILATION_CONDITIONS = DEBUG;
				SWIFT_OPTIMIZATION_LEVEL = "-Onone";
			};
			name = Debug;
		};
		40B0C6002161AA1400177F6B /* Release */ = {
			isa = XCBuildConfiguration;
			buildSettings = {
				ALWAYS_SEARCH_USER_PATHS = NO;
				CLANG_ANALYZER_NONNULL = YES;
				CLANG_ANALYZER_NUMBER_OBJECT_CONVERSION = YES_AGGRESSIVE;
				CLANG_CXX_LANGUAGE_STANDARD = "gnu++14";
				CLANG_CXX_LIBRARY = "libc++";
				CLANG_ENABLE_MODULES = YES;
				CLANG_ENABLE_OBJC_ARC = YES;
				CLANG_ENABLE_OBJC_WEAK = YES;
				CLANG_WARN_BLOCK_CAPTURE_AUTORELEASING = YES;
				CLANG_WARN_BOOL_CONVERSION = YES;
				CLANG_WARN_COMMA = YES;
				CLANG_WARN_CONSTANT_CONVERSION = YES;
				CLANG_WARN_DEPRECATED_OBJC_IMPLEMENTATIONS = YES;
				CLANG_WARN_DIRECT_OBJC_ISA_USAGE = YES_ERROR;
				CLANG_WARN_DOCUMENTATION_COMMENTS = YES;
				CLANG_WARN_EMPTY_BODY = YES;
				CLANG_WARN_ENUM_CONVERSION = YES;
				CLANG_WARN_INFINITE_RECURSION = YES;
				CLANG_WARN_INT_CONVERSION = YES;
				CLANG_WARN_NON_LITERAL_NULL_CONVERSION = YES;
				CLANG_WARN_OBJC_IMPLICIT_RETAIN_SELF = YES;
				CLANG_WARN_OBJC_LITERAL_CONVERSION = YES;
				CLANG_WARN_OBJC_ROOT_CLASS = YES_ERROR;
				CLANG_WARN_RANGE_LOOP_ANALYSIS = YES;
				CLANG_WARN_STRICT_PROTOTYPES = YES;
				CLANG_WARN_SUSPICIOUS_MOVE = YES;
				CLANG_WARN_UNGUARDED_AVAILABILITY = YES_AGGRESSIVE;
				CLANG_WARN_UNREACHABLE_CODE = YES;
				CLANG_WARN__DUPLICATE_METHOD_MATCH = YES;
				CODE_SIGN_IDENTITY = "iPhone Developer";
				COPY_PHASE_STRIP = NO;
				DEBUG_INFORMATION_FORMAT = "dwarf-with-dsym";
				ENABLE_NS_ASSERTIONS = NO;
				ENABLE_STRICT_OBJC_MSGSEND = YES;
				GCC_C_LANGUAGE_STANDARD = gnu11;
				GCC_NO_COMMON_BLOCKS = YES;
				GCC_WARN_64_TO_32_BIT_CONVERSION = YES;
				GCC_WARN_ABOUT_RETURN_TYPE = YES_ERROR;
				GCC_WARN_UNDECLARED_SELECTOR = YES;
				GCC_WARN_UNINITIALIZED_AUTOS = YES_AGGRESSIVE;
				GCC_WARN_UNUSED_FUNCTION = YES;
				GCC_WARN_UNUSED_VARIABLE = YES;
				IPHONEOS_DEPLOYMENT_TARGET = 10.0;
				MTL_ENABLE_DEBUG_INFO = NO;
				MTL_FAST_MATH = YES;
				SDKROOT = iphoneos;
				SWIFT_COMPILATION_MODE = wholemodule;
				SWIFT_OPTIMIZATION_LEVEL = "-O";
				VALIDATE_PRODUCT = YES;
			};
			name = Release;
		};
		40B0C6022161AA1400177F6B /* Debug */ = {
			isa = XCBuildConfiguration;
			baseConfigurationReference = F2B968A8B56E5028FBEE462B /* Pods-BeerCatalog.debug.xcconfig */;
			buildSettings = {
				ASSETCATALOG_COMPILER_APPICON_NAME = AppIcon;
				CODE_SIGN_STYLE = Automatic;
				DEVELOPMENT_TEAM = 5X84Z2TL7J;
				INFOPLIST_FILE = "$(SRCROOT)/BeerCatalog/SupportingFiles/Info.plist";
				IPHONEOS_DEPLOYMENT_TARGET = 10.0;
				LD_RUNPATH_SEARCH_PATHS = (
					"$(inherited)",
					"@executable_path/Frameworks",
				);
				PRODUCT_BUNDLE_IDENTIFIER = com.dgaramos.BeerCatalog;
				PRODUCT_NAME = "$(TARGET_NAME)";
				SWIFT_VERSION = 4.2;
				TARGETED_DEVICE_FAMILY = "1,2";
			};
			name = Debug;
		};
		40B0C6032161AA1400177F6B /* Release */ = {
			isa = XCBuildConfiguration;
			baseConfigurationReference = 0B006CB219856613ED73A14C /* Pods-BeerCatalog.release.xcconfig */;
			buildSettings = {
				ASSETCATALOG_COMPILER_APPICON_NAME = AppIcon;
				CODE_SIGN_STYLE = Automatic;
				DEVELOPMENT_TEAM = 5X84Z2TL7J;
				INFOPLIST_FILE = "$(SRCROOT)/BeerCatalog/SupportingFiles/Info.plist";
				IPHONEOS_DEPLOYMENT_TARGET = 10.0;
				LD_RUNPATH_SEARCH_PATHS = (
					"$(inherited)",
					"@executable_path/Frameworks",
				);
				PRODUCT_BUNDLE_IDENTIFIER = com.dgaramos.BeerCatalog;
				PRODUCT_NAME = "$(TARGET_NAME)";
				SWIFT_VERSION = 4.2;
				TARGETED_DEVICE_FAMILY = "1,2";
			};
			name = Release;
		};
/* End XCBuildConfiguration section */

/* Begin XCConfigurationList section */
		40B0C5D42161AA1000177F6B /* Build configuration list for PBXProject "BeerCatalog" */ = {
			isa = XCConfigurationList;
			buildConfigurations = (
				40B0C5FF2161AA1400177F6B /* Debug */,
				40B0C6002161AA1400177F6B /* Release */,
			);
			defaultConfigurationIsVisible = 0;
			defaultConfigurationName = Debug;
		};
		40B0C6012161AA1400177F6B /* Build configuration list for PBXNativeTarget "BeerCatalog" */ = {
			isa = XCConfigurationList;
			buildConfigurations = (
				40B0C6022161AA1400177F6B /* Debug */,
				40B0C6032161AA1400177F6B /* Release */,
			);
			defaultConfigurationIsVisible = 0;
			defaultConfigurationName = Debug;
		};
/* End XCConfigurationList section */
	};
	rootObject = 40B0C5D12161AA1000177F6B /* Project object */;
}
